
Microsoft Visual Studio Solution File, Format Version 12.00
# Visual Studio Version 17
VisualStudioVersion = 17.1.32319.34
MinimumVisualStudioVersion = 10.0.40219.1
Project("{FAE04EC0-301F-11D3-BF4B-00C04F79EFBC}") = "Lesson15_1", "Lesson15_1\Lesson15_1.csproj", "{7285021B-E596-4E4A-B725-053FC7F245D7}"
EndProject
Project("{FAE04EC0-301F-11D3-BF4B-00C04F79EFBC}") = "Lesson15_2", "Lesson15_2\Lesson15_2.csproj", "{15168B0C-EE83-4CA8-8031-098A79182DA9}"
EndProject
Project("{FAE04EC0-301F-11D3-BF4B-00C04F79EFBC}") = "Models", "Models\Models.csproj", "{53108365-C907-4A08-929F-7114371FF2CD}"
EndProject
Global
	GlobalSection(SolutionConfigurationPlatforms) = preSolution
		Debug|Any CPU = Debug|Any CPU
		Release|Any CPU = Release|Any CPU
	EndGlobalSection
	GlobalSection(ProjectConfigurationPlatforms) = postSolution
		{7285021B-E596-4E4A-B725-053FC7F245D7}.Debug|Any CPU.ActiveCfg = Debug|Any CPU
		{7285021B-E596-4E4A-B725-053FC7F245D7}.Debug|Any CPU.Build.0 = Debug|Any CPU
		{7285021B-E596-4E4A-B725-053FC7F245D7}.Release|Any CPU.ActiveCfg = Release|Any CPU
		{7285021B-E596-4E4A-B725-053FC7F245D7}.Release|Any CPU.Build.0 = Release|Any CPU
		{15168B0C-EE83-4CA8-8031-098A79182DA9}.Debug|Any CPU.ActiveCfg = Debug|Any CPU
		{15168B0C-EE83-4CA8-8031-098A79182DA9}.Debug|Any CPU.Build.0 = Debug|Any CPU
		{15168B0C-EE83-4CA8-8031-098A79182DA9}.Release|Any CPU.ActiveCfg = Release|Any CPU
		{15168B0C-EE83-4CA8-8031-098A79182DA9}.Release|Any CPU.Build.0 = Release|Any CPU
		{53108365-C907-4A08-929F-7114371FF2CD}.Debug|Any CPU.ActiveCfg = Debug|Any CPU
		{53108365-C907-4A08-929F-7114371FF2CD}.Debug|Any CPU.Build.0 = Debug|Any CPU
		{53108365-C907-4A08-929F-7114371FF2CD}.Release|Any CPU.ActiveCfg = Release|Any CPU
		{53108365-C907-4A08-929F-7114371FF2CD}.Release|Any CPU.Build.0 = Release|Any CPU
	EndGlobalSection
	GlobalSection(SolutionProperties) = preSolution
		HideSolutionNode = FALSE
	EndGlobalSection
	GlobalSection(ExtensibilityGlobals) = postSolution
		SolutionGuid = {4152A599-C7C9-49E4-A9C6-038561E91A24}
	EndGlobalSection
EndGlobal
